
Microsoft Visual Studio Solution File, Format Version 12.00
# Visual Studio Version 17
VisualStudioVersion = 17.1.32228.430
MinimumVisualStudioVersion = 10.0.40219.1
Project("{FAE04EC0-301F-11D3-BF4B-00C04F79EFBC}") = "CQRS.Domain", "CQRS.Domain\CQRS.Domain.csproj", "{AB2AFAD3-E530-4DCD-8B39-C7E675EC252D}"
EndProject
Project("{FAE04EC0-301F-11D3-BF4B-00C04F79EFBC}") = "CQRS.Infrastructure", "CQRS.Infrastructure\CQRS.Infrastructure.csproj", "{079905DF-C9D6-4804-80F7-FD56C5C7F6AE}"
EndProject
Project("{FAE04EC0-301F-11D3-BF4B-00C04F79EFBC}") = "CQRS.API", "CQRS.API\CQRS.API.csproj", "{64A667BC-052C-4BA9-820A-654A0F3DD79E}"
EndProject
Global
	GlobalSection(SolutionConfigurationPlatforms) = preSolution
		Debug|Any CPU = Debug|Any CPU
		Release|Any CPU = Release|Any CPU
	EndGlobalSection
	GlobalSection(ProjectConfigurationPlatforms) = postSolution
		{AB2AFAD3-E530-4DCD-8B39-C7E675EC252D}.Debug|Any CPU.ActiveCfg = Debug|Any CPU
		{AB2AFAD3-E530-4DCD-8B39-C7E675EC252D}.Debug|Any CPU.Build.0 = Debug|Any CPU
		{AB2AFAD3-E530-4DCD-8B39-C7E675EC252D}.Release|Any CPU.ActiveCfg = Release|Any CPU
		{AB2AFAD3-E530-4DCD-8B39-C7E675EC252D}.Release|Any CPU.Build.0 = Release|Any CPU
		{079905DF-C9D6-4804-80F7-FD56C5C7F6AE}.Debug|Any CPU.ActiveCfg = Debug|Any CPU
		{079905DF-C9D6-4804-80F7-FD56C5C7F6AE}.Debug|Any CPU.Build.0 = Debug|Any CPU
		{079905DF-C9D6-4804-80F7-FD56C5C7F6AE}.Release|Any CPU.ActiveCfg = Release|Any CPU
		{079905DF-C9D6-4804-80F7-FD56C5C7F6AE}.Release|Any CPU.Build.0 = Release|Any CPU
		{64A667BC-052C-4BA9-820A-654A0F3DD79E}.Debug|Any CPU.ActiveCfg = Debug|Any CPU
		{64A667BC-052C-4BA9-820A-654A0F3DD79E}.Debug|Any CPU.Build.0 = Debug|Any CPU
		{64A667BC-052C-4BA9-820A-654A0F3DD79E}.Release|Any CPU.ActiveCfg = Release|Any CPU
		{64A667BC-052C-4BA9-820A-654A0F3DD79E}.Release|Any CPU.Build.0 = Release|Any CPU
	EndGlobalSection
	GlobalSection(SolutionProperties) = preSolution
		HideSolutionNode = FALSE
	EndGlobalSection
	GlobalSection(ExtensibilityGlobals) = postSolution
		SolutionGuid = {5EBA4DE6-91F7-435B-9D22-E48B4A30A7AE}
	EndGlobalSection
EndGlobal
