
Microsoft Visual Studio Solution File, Format Version 12.00
# Visual Studio Version 17
VisualStudioVersion = 17.1.32228.430
MinimumVisualStudioVersion = 10.0.40219.1
Project("{9A19103F-16F7-4668-BE54-9A1E7A4F7556}") = "CQRS-API", "cqrs-app\CQRS-API.csproj", "{89931718-9D23-4C92-9853-C238049A0904}"
EndProject
Project("{FAE04EC0-301F-11D3-BF4B-00C04F79EFBC}") = "Infrastructure", "Infrastructure\Infrastructure.csproj", "{F70A84DF-E346-4D05-BBE4-F26CC55E5C3E}"
EndProject
Project("{FAE04EC0-301F-11D3-BF4B-00C04F79EFBC}") = "Domain", "Domain\Domain.csproj", "{24495AD2-98BE-4E43-8D16-2D3C022A9EC1}"
EndProject
Global
	GlobalSection(SolutionConfigurationPlatforms) = preSolution
		Debug|Any CPU = Debug|Any CPU
		Release|Any CPU = Release|Any CPU
	EndGlobalSection
	GlobalSection(ProjectConfigurationPlatforms) = postSolution
		{89931718-9D23-4C92-9853-C238049A0904}.Debug|Any CPU.ActiveCfg = Debug|Any CPU
		{89931718-9D23-4C92-9853-C238049A0904}.Debug|Any CPU.Build.0 = Debug|Any CPU
		{89931718-9D23-4C92-9853-C238049A0904}.Release|Any CPU.ActiveCfg = Release|Any CPU
		{89931718-9D23-4C92-9853-C238049A0904}.Release|Any CPU.Build.0 = Release|Any CPU
		{F70A84DF-E346-4D05-BBE4-F26CC55E5C3E}.Debug|Any CPU.ActiveCfg = Debug|Any CPU
		{F70A84DF-E346-4D05-BBE4-F26CC55E5C3E}.Debug|Any CPU.Build.0 = Debug|Any CPU
		{F70A84DF-E346-4D05-BBE4-F26CC55E5C3E}.Release|Any CPU.ActiveCfg = Release|Any CPU
		{F70A84DF-E346-4D05-BBE4-F26CC55E5C3E}.Release|Any CPU.Build.0 = Release|Any CPU
		{24495AD2-98BE-4E43-8D16-2D3C022A9EC1}.Debug|Any CPU.ActiveCfg = Debug|Any CPU
		{24495AD2-98BE-4E43-8D16-2D3C022A9EC1}.Debug|Any CPU.Build.0 = Debug|Any CPU
		{24495AD2-98BE-4E43-8D16-2D3C022A9EC1}.Release|Any CPU.ActiveCfg = Release|Any CPU
		{24495AD2-98BE-4E43-8D16-2D3C022A9EC1}.Release|Any CPU.Build.0 = Release|Any CPU
	EndGlobalSection
	GlobalSection(SolutionProperties) = preSolution
		HideSolutionNode = FALSE
	EndGlobalSection
	GlobalSection(ExtensibilityGlobals) = postSolution
		SolutionGuid = {5EBA4DE6-91F7-435B-9D22-E48B4A30A7AE}
	EndGlobalSection
EndGlobal
